// !$*UTF8*$!
{
	archiveVersion = 1;
	classes = {
	};
	objectVersion = 60;
	objects = {

/* Begin PBXBuildFile section */
		97AB889C2BE97CC600AB314B /* BooksApp.swift in Sources */ = {isa = PBXBuildFile; fileRef = 97AB889B2BE97CC600AB314B /* BooksApp.swift */; };
		97AB889E2BE97CC600AB314B /* ContentView.swift in Sources */ = {isa = PBXBuildFile; fileRef = 97AB889D2BE97CC600AB314B /* ContentView.swift */; };
		97AB88A02BE97CC800AB314B /* Assets.xcassets in Resources */ = {isa = PBXBuildFile; fileRef = 97AB889F2BE97CC800AB314B /* Assets.xcassets */; };
		97AB88A42BE97CC800AB314B /* Preview Assets.xcassets in Resources */ = {isa = PBXBuildFile; fileRef = 97AB88A32BE97CC800AB314B /* Preview Assets.xcassets */; };
		97AB88AC2BE97D5800AB314B /* AppState.swift in Sources */ = {isa = PBXBuildFile; fileRef = 97AB88AB2BE97D5800AB314B /* AppState.swift */; };
		97AB88AE2BE97D6700AB314B /* LoadableResult.swift in Sources */ = {isa = PBXBuildFile; fileRef = 97AB88AD2BE97D6700AB314B /* LoadableResult.swift */; };
		97AB88B02BE97D7700AB314B /* AppInitializer.swift in Sources */ = {isa = PBXBuildFile; fileRef = 97AB88AF2BE97D7700AB314B /* AppInitializer.swift */; };
		97AB88B32BE97DB400AB314B /* ProgrammaticCoreData in Frameworks */ = {isa = PBXBuildFile; productRef = 97AB88B22BE97DB400AB314B /* ProgrammaticCoreData */; };
		97AB88C22BE9834F00AB314B /* AuthorEntity.swift in Sources */ = {isa = PBXBuildFile; fileRef = 97AB88C12BE9834F00AB314B /* AuthorEntity.swift */; };
		97AB88C42BE983D100AB314B /* BookEntity.swift in Sources */ = {isa = PBXBuildFile; fileRef = 97AB88C32BE983D100AB314B /* BookEntity.swift */; };
		97AB88C62BE984A100AB314B /* ContainerBuilder.swift in Sources */ = {isa = PBXBuildFile; fileRef = 97AB88C52BE984A100AB314B /* ContainerBuilder.swift */; };
		97AB88C82BE987E800AB314B /* AuthorsManager.swift in Sources */ = {isa = PBXBuildFile; fileRef = 97AB88C72BE987E800AB314B /* AuthorsManager.swift */; };
		97AB88CA2BE987F000AB314B /* BooksManager.swift in Sources */ = {isa = PBXBuildFile; fileRef = 97AB88C92BE987F000AB314B /* BooksManager.swift */; };
		97AB88CC2BE9899200AB314B /* CreateAuthorView.swift in Sources */ = {isa = PBXBuildFile; fileRef = 97AB88CB2BE9899200AB314B /* CreateAuthorView.swift */; };
		97AB88CE2BE989B500AB314B /* AuthorsView.swift in Sources */ = {isa = PBXBuildFile; fileRef = 97AB88CD2BE989B400AB314B /* AuthorsView.swift */; };
		97AB88D02BE98EED00AB314B /* BooksView.swift in Sources */ = {isa = PBXBuildFile; fileRef = 97AB88CF2BE98EED00AB314B /* BooksView.swift */; };
		97B60BD92BE9E569007DB2D8 /* CreateBookView.swift in Sources */ = {isa = PBXBuildFile; fileRef = 97B60BD82BE9E569007DB2D8 /* CreateBookView.swift */; };
/* End PBXBuildFile section */

/* Begin PBXFileReference section */
		97AB88982BE97CC600AB314B /* Example_02.app */ = {isa = PBXFileReference; explicitFileType = wrapper.application; includeInIndex = 0; path = Example_02.app; sourceTree = BUILT_PRODUCTS_DIR; };
		97AB889B2BE97CC600AB314B /* BooksApp.swift */ = {isa = PBXFileReference; lastKnownFileType = sourcecode.swift; path = BooksApp.swift; sourceTree = "<group>"; };
		97AB889D2BE97CC600AB314B /* ContentView.swift */ = {isa = PBXFileReference; lastKnownFileType = sourcecode.swift; path = ContentView.swift; sourceTree = "<group>"; };
		97AB889F2BE97CC800AB314B /* Assets.xcassets */ = {isa = PBXFileReference; lastKnownFileType = folder.assetcatalog; path = Assets.xcassets; sourceTree = "<group>"; };
		97AB88A12BE97CC800AB314B /* Example_02.entitlements */ = {isa = PBXFileReference; lastKnownFileType = text.plist.entitlements; path = Example_02.entitlements; sourceTree = "<group>"; };
		97AB88A32BE97CC800AB314B /* Preview Assets.xcassets */ = {isa = PBXFileReference; lastKnownFileType = folder.assetcatalog; path = "Preview Assets.xcassets"; sourceTree = "<group>"; };
		97AB88AB2BE97D5800AB314B /* AppState.swift */ = {isa = PBXFileReference; lastKnownFileType = sourcecode.swift; path = AppState.swift; sourceTree = "<group>"; };
		97AB88AD2BE97D6700AB314B /* LoadableResult.swift */ = {isa = PBXFileReference; lastKnownFileType = sourcecode.swift; path = LoadableResult.swift; sourceTree = "<group>"; };
		97AB88AF2BE97D7700AB314B /* AppInitializer.swift */ = {isa = PBXFileReference; lastKnownFileType = sourcecode.swift; path = AppInitializer.swift; sourceTree = "<group>"; };
		97AB88C12BE9834F00AB314B /* AuthorEntity.swift */ = {isa = PBXFileReference; lastKnownFileType = sourcecode.swift; path = AuthorEntity.swift; sourceTree = "<group>"; };
		97AB88C32BE983D100AB314B /* BookEntity.swift */ = {isa = PBXFileReference; lastKnownFileType = sourcecode.swift; path = BookEntity.swift; sourceTree = "<group>"; };
		97AB88C52BE984A100AB314B /* ContainerBuilder.swift */ = {isa = PBXFileReference; lastKnownFileType = sourcecode.swift; path = ContainerBuilder.swift; sourceTree = "<group>"; };
		97AB88C72BE987E800AB314B /* AuthorsManager.swift */ = {isa = PBXFileReference; lastKnownFileType = sourcecode.swift; path = AuthorsManager.swift; sourceTree = "<group>"; };
		97AB88C92BE987F000AB314B /* BooksManager.swift */ = {isa = PBXFileReference; lastKnownFileType = sourcecode.swift; path = BooksManager.swift; sourceTree = "<group>"; };
		97AB88CB2BE9899200AB314B /* CreateAuthorView.swift */ = {isa = PBXFileReference; lastKnownFileType = sourcecode.swift; path = CreateAuthorView.swift; sourceTree = "<group>"; };
		97AB88CD2BE989B400AB314B /* AuthorsView.swift */ = {isa = PBXFileReference; lastKnownFileType = sourcecode.swift; path = AuthorsView.swift; sourceTree = "<group>"; };
		97AB88CF2BE98EED00AB314B /* BooksView.swift */ = {isa = PBXFileReference; lastKnownFileType = sourcecode.swift; path = BooksView.swift; sourceTree = "<group>"; };
		97B60BD82BE9E569007DB2D8 /* CreateBookView.swift */ = {isa = PBXFileReference; lastKnownFileType = sourcecode.swift; path = CreateBookView.swift; sourceTree = "<group>"; };
/* End PBXFileReference section */

/* Begin PBXFrameworksBuildPhase section */
		97AB88952BE97CC600AB314B /* Frameworks */ = {
			isa = PBXFrameworksBuildPhase;
			buildActionMask = 2147483647;
			files = (
				97AB88B32BE97DB400AB314B /* ProgrammaticCoreData in Frameworks */,
			);
			runOnlyForDeploymentPostprocessing = 0;
		};
/* End PBXFrameworksBuildPhase section */

/* Begin PBXGroup section */
		97AB888F2BE97CC600AB314B = {
			isa = PBXGroup;
			children = (
				97AB889A2BE97CC600AB314B /* Example_02 */,
				97AB88992BE97CC600AB314B /* Products */,
			);
			sourceTree = "<group>";
		};
		97AB88992BE97CC600AB314B /* Products */ = {
			isa = PBXGroup;
			children = (
				97AB88982BE97CC600AB314B /* Example_02.app */,
			);
			name = Products;
			sourceTree = "<group>";
		};
		97AB889A2BE97CC600AB314B /* Example_02 */ = {
			isa = PBXGroup;
			children = (
				97AB88AA2BE97D3800AB314B /* App */,
				97AB88B42BE97DC100AB314B /* UI */,
				97AB88B72BE97DE100AB314B /* Persistence */,
				97AB88B62BE97DDC00AB314B /* Managers */,
				97AB88B52BE97DCB00AB314B /* Supporting */,
				97AB889F2BE97CC800AB314B /* Assets.xcassets */,
				97AB88A12BE97CC800AB314B /* Example_02.entitlements */,
				97AB88A22BE97CC800AB314B /* Preview Content */,
			);
			path = Example_02;
			sourceTree = "<group>";
		};
		97AB88A22BE97CC800AB314B /* Preview Content */ = {
			isa = PBXGroup;
			children = (
				97AB88A32BE97CC800AB314B /* Preview Assets.xcassets */,
			);
			path = "Preview Content";
			sourceTree = "<group>";
		};
		97AB88AA2BE97D3800AB314B /* App */ = {
			isa = PBXGroup;
			children = (
				97AB889B2BE97CC600AB314B /* BooksApp.swift */,
				97AB88AB2BE97D5800AB314B /* AppState.swift */,
				97AB88AF2BE97D7700AB314B /* AppInitializer.swift */,
			);
			path = App;
			sourceTree = "<group>";
		};
		97AB88B42BE97DC100AB314B /* UI */ = {
			isa = PBXGroup;
			children = (
				97AB889D2BE97CC600AB314B /* ContentView.swift */,
				97AB88CB2BE9899200AB314B /* CreateAuthorView.swift */,
				97B60BD82BE9E569007DB2D8 /* CreateBookView.swift */,
				97AB88CD2BE989B400AB314B /* AuthorsView.swift */,
				97AB88CF2BE98EED00AB314B /* BooksView.swift */,
			);
			path = UI;
			sourceTree = "<group>";
		};
		97AB88B52BE97DCB00AB314B /* Supporting */ = {
			isa = PBXGroup;
			children = (
				97AB88AD2BE97D6700AB314B /* LoadableResult.swift */,
			);
			path = Supporting;
			sourceTree = "<group>";
		};
		97AB88B62BE97DDC00AB314B /* Managers */ = {
			isa = PBXGroup;
			children = (
				97AB88C72BE987E800AB314B /* AuthorsManager.swift */,
				97AB88C92BE987F000AB314B /* BooksManager.swift */,
			);
			path = Managers;
			sourceTree = "<group>";
		};
		97AB88B72BE97DE100AB314B /* Persistence */ = {
			isa = PBXGroup;
			children = (
				97AB88B82BE97EEA00AB314B /* Models */,
				97AB88C52BE984A100AB314B /* ContainerBuilder.swift */,
			);
			path = Persistence;
			sourceTree = "<group>";
		};
		97AB88B82BE97EEA00AB314B /* Models */ = {
			isa = PBXGroup;
			children = (
				97AB88C12BE9834F00AB314B /* AuthorEntity.swift */,
				97AB88C32BE983D100AB314B /* BookEntity.swift */,
			);
			path = Models;
			sourceTree = "<group>";
		};
/* End PBXGroup section */

/* Begin PBXNativeTarget section */
		97AB88972BE97CC600AB314B /* Example_02 */ = {
			isa = PBXNativeTarget;
			buildConfigurationList = 97AB88A72BE97CC800AB314B /* Build configuration list for PBXNativeTarget "Example_02" */;
			buildPhases = (
				97AB88942BE97CC600AB314B /* Sources */,
				97AB88952BE97CC600AB314B /* Frameworks */,
				97AB88962BE97CC600AB314B /* Resources */,
			);
			buildRules = (
			);
			dependencies = (
			);
			name = Example_02;
			packageProductDependencies = (
				97AB88B22BE97DB400AB314B /* ProgrammaticCoreData */,
			);
			productName = Example_02;
			productReference = 97AB88982BE97CC600AB314B /* Example_02.app */;
			productType = "com.apple.product-type.application";
		};
/* End PBXNativeTarget section */

/* Begin PBXProject section */
		97AB88902BE97CC600AB314B /* Project object */ = {
			isa = PBXProject;
			attributes = {
				BuildIndependentTargetsInParallel = 1;
				LastSwiftUpdateCheck = 1500;
				LastUpgradeCheck = 1500;
				TargetAttributes = {
					97AB88972BE97CC600AB314B = {
						CreatedOnToolsVersion = 15.0;
					};
				};
			};
			buildConfigurationList = 97AB88932BE97CC600AB314B /* Build configuration list for PBXProject "Example_02" */;
			compatibilityVersion = "Xcode 14.0";
			developmentRegion = en;
			hasScannedForEncodings = 0;
			knownRegions = (
				en,
				Base,
			);
			mainGroup = 97AB888F2BE97CC600AB314B;
			packageReferences = (
				97AB88B12BE97DB400AB314B /* XCLocalSwiftPackageReference "../.." */,
			);
			productRefGroup = 97AB88992BE97CC600AB314B /* Products */;
			projectDirPath = "";
			projectRoot = "";
			targets = (
				97AB88972BE97CC600AB314B /* Example_02 */,
			);
		};
/* End PBXProject section */

/* Begin PBXResourcesBuildPhase section */
		97AB88962BE97CC600AB314B /* Resources */ = {
			isa = PBXResourcesBuildPhase;
			buildActionMask = 2147483647;
			files = (
				97AB88A42BE97CC800AB314B /* Preview Assets.xcassets in Resources */,
				97AB88A02BE97CC800AB314B /* Assets.xcassets in Resources */,
			);
			runOnlyForDeploymentPostprocessing = 0;
		};
/* End PBXResourcesBuildPhase section */

/* Begin PBXSourcesBuildPhase section */
		97AB88942BE97CC600AB314B /* Sources */ = {
			isa = PBXSourcesBuildPhase;
			buildActionMask = 2147483647;
			files = (
				97AB88C22BE9834F00AB314B /* AuthorEntity.swift in Sources */,
				97AB88C82BE987E800AB314B /* AuthorsManager.swift in Sources */,
				97AB88CA2BE987F000AB314B /* BooksManager.swift in Sources */,
				97AB88AC2BE97D5800AB314B /* AppState.swift in Sources */,
				97AB88C42BE983D100AB314B /* BookEntity.swift in Sources */,
				97B60BD92BE9E569007DB2D8 /* CreateBookView.swift in Sources */,
				97AB88C62BE984A100AB314B /* ContainerBuilder.swift in Sources */,
				97AB889E2BE97CC600AB314B /* ContentView.swift in Sources */,
				97AB88CC2BE9899200AB314B /* CreateAuthorView.swift in Sources */,
				97AB88B02BE97D7700AB314B /* AppInitializer.swift in Sources */,
				97AB88CE2BE989B500AB314B /* AuthorsView.swift in Sources */,
				97AB88D02BE98EED00AB314B /* BooksView.swift in Sources */,
				97AB88AE2BE97D6700AB314B /* LoadableResult.swift in Sources */,
				97AB889C2BE97CC600AB314B /* BooksApp.swift in Sources */,
			);
			runOnlyForDeploymentPostprocessing = 0;
		};
/* End PBXSourcesBuildPhase section */

/* Begin XCBuildConfiguration section */
		97AB88A52BE97CC800AB314B /* Debug */ = {
			isa = XCBuildConfiguration;
			buildSettings = {
				ALWAYS_SEARCH_USER_PATHS = NO;
				ASSETCATALOG_COMPILER_GENERATE_SWIFT_ASSET_SYMBOL_EXTENSIONS = YES;
				CLANG_ANALYZER_NONNULL = YES;
				CLANG_ANALYZER_NUMBER_OBJECT_CONVERSION = YES_AGGRESSIVE;
				CLANG_CXX_LANGUAGE_STANDARD = "gnu++20";
				CLANG_ENABLE_MODULES = YES;
				CLANG_ENABLE_OBJC_ARC = YES;
				CLANG_ENABLE_OBJC_WEAK = YES;
				CLANG_WARN_BLOCK_CAPTURE_AUTORELEASING = YES;
				CLANG_WARN_BOOL_CONVERSION = YES;
				CLANG_WARN_COMMA = YES;
				CLANG_WARN_CONSTANT_CONVERSION = YES;
				CLANG_WARN_DEPRECATED_OBJC_IMPLEMENTATIONS = YES;
				CLANG_WARN_DIRECT_OBJC_ISA_USAGE = YES_ERROR;
				CLANG_WARN_DOCUMENTATION_COMMENTS = YES;
				CLANG_WARN_EMPTY_BODY = YES;
				CLANG_WARN_ENUM_CONVERSION = YES;
				CLANG_WARN_INFINITE_RECURSION = YES;
				CLANG_WARN_INT_CONVERSION = YES;
				CLANG_WARN_NON_LITERAL_NULL_CONVERSION = YES;
				CLANG_WARN_OBJC_IMPLICIT_RETAIN_SELF = YES;
				CLANG_WARN_OBJC_LITERAL_CONVERSION = YES;
				CLANG_WARN_OBJC_ROOT_CLASS = YES_ERROR;
				CLANG_WARN_QUOTED_INCLUDE_IN_FRAMEWORK_HEADER = YES;
				CLANG_WARN_RANGE_LOOP_ANALYSIS = YES;
				CLANG_WARN_STRICT_PROTOTYPES = YES;
				CLANG_WARN_SUSPICIOUS_MOVE = YES;
				CLANG_WARN_UNGUARDED_AVAILABILITY = YES_AGGRESSIVE;
				CLANG_WARN_UNREACHABLE_CODE = YES;
				CLANG_WARN__DUPLICATE_METHOD_MATCH = YES;
				COPY_PHASE_STRIP = NO;
				DEBUG_INFORMATION_FORMAT = dwarf;
				ENABLE_STRICT_OBJC_MSGSEND = YES;
				ENABLE_TESTABILITY = YES;
				ENABLE_USER_SCRIPT_SANDBOXING = YES;
				GCC_C_LANGUAGE_STANDARD = gnu17;
				GCC_DYNAMIC_NO_PIC = NO;
				GCC_NO_COMMON_BLOCKS = YES;
				GCC_OPTIMIZATION_LEVEL = 0;
				GCC_PREPROCESSOR_DEFINITIONS = (
					"DEBUG=1",
					"$(inherited)",
				);
				GCC_WARN_64_TO_32_BIT_CONVERSION = YES;
				GCC_WARN_ABOUT_RETURN_TYPE = YES_ERROR;
				GCC_WARN_UNDECLARED_SELECTOR = YES;
				GCC_WARN_UNINITIALIZED_AUTOS = YES_AGGRESSIVE;
				GCC_WARN_UNUSED_FUNCTION = YES;
				GCC_WARN_UNUSED_VARIABLE = YES;
				LOCALIZATION_PREFERS_STRING_CATALOGS = YES;
				MTL_ENABLE_DEBUG_INFO = INCLUDE_SOURCE;
				MTL_FAST_MATH = YES;
				ONLY_ACTIVE_ARCH = YES;
				SWIFT_ACTIVE_COMPILATION_CONDITIONS = "DEBUG $(inherited)";
				SWIFT_OPTIMIZATION_LEVEL = "-Onone";
			};
			name = Debug;
		};
		97AB88A62BE97CC800AB314B /* Release */ = {
			isa = XCBuildConfiguration;
			buildSettings = {
				ALWAYS_SEARCH_USER_PATHS = NO;
				ASSETCATALOG_COMPILER_GENERATE_SWIFT_ASSET_SYMBOL_EXTENSIONS = YES;
				CLANG_ANALYZER_NONNULL = YES;
				CLANG_ANALYZER_NUMBER_OBJECT_CONVERSION = YES_AGGRESSIVE;
				CLANG_CXX_LANGUAGE_STANDARD = "gnu++20";
				CLANG_ENABLE_MODULES = YES;
				CLANG_ENABLE_OBJC_ARC = YES;
				CLANG_ENABLE_OBJC_WEAK = YES;
				CLANG_WARN_BLOCK_CAPTURE_AUTORELEASING = YES;
				CLANG_WARN_BOOL_CONVERSION = YES;
				CLANG_WARN_COMMA = YES;
				CLANG_WARN_CONSTANT_CONVERSION = YES;
				CLANG_WARN_DEPRECATED_OBJC_IMPLEMENTATIONS = YES;
				CLANG_WARN_DIRECT_OBJC_ISA_USAGE = YES_ERROR;
				CLANG_WARN_DOCUMENTATION_COMMENTS = YES;
				CLANG_WARN_EMPTY_BODY = YES;
				CLANG_WARN_ENUM_CONVERSION = YES;
				CLANG_WARN_INFINITE_RECURSION = YES;
				CLANG_WARN_INT_CONVERSION = YES;
				CLANG_WARN_NON_LITERAL_NULL_CONVERSION = YES;
				CLANG_WARN_OBJC_IMPLICIT_RETAIN_SELF = YES;
				CLANG_WARN_OBJC_LITERAL_CONVERSION = YES;
				CLANG_WARN_OBJC_ROOT_CLASS = YES_ERROR;
				CLANG_WARN_QUOTED_INCLUDE_IN_FRAMEWORK_HEADER = YES;
				CLANG_WARN_RANGE_LOOP_ANALYSIS = YES;
				CLANG_WARN_STRICT_PROTOTYPES = YES;
				CLANG_WARN_SUSPICIOUS_MOVE = YES;
				CLANG_WARN_UNGUARDED_AVAILABILITY = YES_AGGRESSIVE;
				CLANG_WARN_UNREACHABLE_CODE = YES;
				CLANG_WARN__DUPLICATE_METHOD_MATCH = YES;
				COPY_PHASE_STRIP = NO;
				DEBUG_INFORMATION_FORMAT = "dwarf-with-dsym";
				ENABLE_NS_ASSERTIONS = NO;
				ENABLE_STRICT_OBJC_MSGSEND = YES;
				ENABLE_USER_SCRIPT_SANDBOXING = YES;
				GCC_C_LANGUAGE_STANDARD = gnu17;
				GCC_NO_COMMON_BLOCKS = YES;
				GCC_WARN_64_TO_32_BIT_CONVERSION = YES;
				GCC_WARN_ABOUT_RETURN_TYPE = YES_ERROR;
				GCC_WARN_UNDECLARED_SELECTOR = YES;
				GCC_WARN_UNINITIALIZED_AUTOS = YES_AGGRESSIVE;
				GCC_WARN_UNUSED_FUNCTION = YES;
				GCC_WARN_UNUSED_VARIABLE = YES;
				LOCALIZATION_PREFERS_STRING_CATALOGS = YES;
				MTL_ENABLE_DEBUG_INFO = NO;
				MTL_FAST_MATH = YES;
				SWIFT_COMPILATION_MODE = wholemodule;
			};
			name = Release;
		};
		97AB88A82BE97CC800AB314B /* Debug */ = {
			isa = XCBuildConfiguration;
			buildSettings = {
				ASSETCATALOG_COMPILER_APPICON_NAME = AppIcon;
				ASSETCATALOG_COMPILER_GLOBAL_ACCENT_COLOR_NAME = AccentColor;
				CODE_SIGN_ENTITLEMENTS = Example_02/Example_02.entitlements;
				CODE_SIGN_STYLE = Automatic;
				CURRENT_PROJECT_VERSION = 1;
				DEVELOPMENT_ASSET_PATHS = "\"Example_02/Preview Content\"";
				DEVELOPMENT_TEAM = D7MN23CD5F;
				ENABLE_HARDENED_RUNTIME = YES;
				ENABLE_PREVIEWS = YES;
				GENERATE_INFOPLIST_FILE = YES;
				"INFOPLIST_KEY_UIApplicationSceneManifest_Generation[sdk=iphoneos*]" = YES;
				"INFOPLIST_KEY_UIApplicationSceneManifest_Generation[sdk=iphonesimulator*]" = YES;
				"INFOPLIST_KEY_UIApplicationSupportsIndirectInputEvents[sdk=iphoneos*]" = YES;
				"INFOPLIST_KEY_UIApplicationSupportsIndirectInputEvents[sdk=iphonesimulator*]" = YES;
				"INFOPLIST_KEY_UILaunchScreen_Generation[sdk=iphoneos*]" = YES;
				"INFOPLIST_KEY_UILaunchScreen_Generation[sdk=iphonesimulator*]" = YES;
				"INFOPLIST_KEY_UIStatusBarStyle[sdk=iphoneos*]" = UIStatusBarStyleDefault;
				"INFOPLIST_KEY_UIStatusBarStyle[sdk=iphonesimulator*]" = UIStatusBarStyleDefault;
				INFOPLIST_KEY_UISupportedInterfaceOrientations_iPad = "UIInterfaceOrientationPortrait UIInterfaceOrientationPortraitUpsideDown UIInterfaceOrientationLandscapeLeft UIInterfaceOrientationLandscapeRight";
				INFOPLIST_KEY_UISupportedInterfaceOrientations_iPhone = "UIInterfaceOrientationPortrait UIInterfaceOrientationLandscapeLeft UIInterfaceOrientationLandscapeRight";
				IPHONEOS_DEPLOYMENT_TARGET = 17.0;
				LD_RUNPATH_SEARCH_PATHS = "@executable_path/Frameworks";
				"LD_RUNPATH_SEARCH_PATHS[sdk=macosx*]" = "@executable_path/../Frameworks";
				MACOSX_DEPLOYMENT_TARGET = 14.0;
				MARKETING_VERSION = 1.0;
				PRODUCT_BUNDLE_IDENTIFIER = "com.anconaesselmann.Example-02";
				PRODUCT_NAME = "$(TARGET_NAME)";
				SDKROOT = auto;
				SUPPORTED_PLATFORMS = "iphoneos iphonesimulator macosx";
				SWIFT_EMIT_LOC_STRINGS = YES;
				SWIFT_VERSION = 5.0;
				TARGETED_DEVICE_FAMILY = "1,2";
			};
			name = Debug;
		};
		97AB88A92BE97CC800AB314B /* Release */ = {
			isa = XCBuildConfiguration;
			buildSettings = {
				ASSETCATALOG_COMPILER_APPICON_NAME = AppIcon;
				ASSETCATALOG_COMPILER_GLOBAL_ACCENT_COLOR_NAME = AccentColor;
				CODE_SIGN_ENTITLEMENTS = Example_02/Example_02.entitlements;
				CODE_SIGN_STYLE = Automatic;
				CURRENT_PROJECT_VERSION = 1;
				DEVELOPMENT_ASSET_PATHS = "\"Example_02/Preview Content\"";
				DEVELOPMENT_TEAM = D7MN23CD5F;
				ENABLE_HARDENED_RUNTIME = YES;
				ENABLE_PREVIEWS = YES;
				GENERATE_INFOPLIST_FILE = YES;
				"INFOPLIST_KEY_UIApplicationSceneManifest_Generation[sdk=iphoneos*]" = YES;
				"INFOPLIST_KEY_UIApplicationSceneManifest_Generation[sdk=iphonesimulator*]" = YES;
				"INFOPLIST_KEY_UIApplicationSupportsIndirectInputEvents[sdk=iphoneos*]" = YES;
				"INFOPLIST_KEY_UIApplicationSupportsIndirectInputEvents[sdk=iphonesimulator*]" = YES;
				"INFOPLIST_KEY_UILaunchScreen_Generation[sdk=iphoneos*]" = YES;
				"INFOPLIST_KEY_UILaunchScreen_Generation[sdk=iphonesimulator*]" = YES;
				"INFOPLIST_KEY_UIStatusBarStyle[sdk=iphoneos*]" = UIStatusBarStyleDefault;
				"INFOPLIST_KEY_UIStatusBarStyle[sdk=iphonesimulator*]" = UIStatusBarStyleDefault;
				INFOPLIST_KEY_UISupportedInterfaceOrientations_iPad = "UIInterfaceOrientationPortrait UIInterfaceOrientationPortraitUpsideDown UIInterfaceOrientationLandscapeLeft UIInterfaceOrientationLandscapeRight";
				INFOPLIST_KEY_UISupportedInterfaceOrientations_iPhone = "UIInterfaceOrientationPortrait UIInterfaceOrientationLandscapeLeft UIInterfaceOrientationLandscapeRight";
				IPHONEOS_DEPLOYMENT_TARGET = 17.0;
				LD_RUNPATH_SEARCH_PATHS = "@executable_path/Frameworks";
				"LD_RUNPATH_SEARCH_PATHS[sdk=macosx*]" = "@executable_path/../Frameworks";
				MACOSX_DEPLOYMENT_TARGET = 14.0;
				MARKETING_VERSION = 1.0;
				PRODUCT_BUNDLE_IDENTIFIER = "com.anconaesselmann.Example-02";
				PRODUCT_NAME = "$(TARGET_NAME)";
				SDKROOT = auto;
				SUPPORTED_PLATFORMS = "iphoneos iphonesimulator macosx";
				SWIFT_EMIT_LOC_STRINGS = YES;
				SWIFT_VERSION = 5.0;
				TARGETED_DEVICE_FAMILY = "1,2";
			};
			name = Release;
		};
/* End XCBuildConfiguration section */

/* Begin XCConfigurationList section */
		97AB88932BE97CC600AB314B /* Build configuration list for PBXProject "Example_02" */ = {
			isa = XCConfigurationList;
			buildConfigurations = (
				97AB88A52BE97CC800AB314B /* Debug */,
				97AB88A62BE97CC800AB314B /* Release */,
			);
			defaultConfigurationIsVisible = 0;
			defaultConfigurationName = Release;
		};
		97AB88A72BE97CC800AB314B /* Build configuration list for PBXNativeTarget "Example_02" */ = {
			isa = XCConfigurationList;
			buildConfigurations = (
				97AB88A82BE97CC800AB314B /* Debug */,
				97AB88A92BE97CC800AB314B /* Release */,
			);
			defaultConfigurationIsVisible = 0;
			defaultConfigurationName = Release;
		};
/* End XCConfigurationList section */

/* Begin XCLocalSwiftPackageReference section */
		97AB88B12BE97DB400AB314B /* XCLocalSwiftPackageReference "../.." */ = {
			isa = XCLocalSwiftPackageReference;
			relativePath = ../..;
		};
/* End XCLocalSwiftPackageReference section */

/* Begin XCSwiftPackageProductDependency section */
		97AB88B22BE97DB400AB314B /* ProgrammaticCoreData */ = {
			isa = XCSwiftPackageProductDependency;
			productName = ProgrammaticCoreData;
		};
/* End XCSwiftPackageProductDependency section */
	};
	rootObject = 97AB88902BE97CC600AB314B /* Project object */;
}
